
Microsoft Visual Studio Solution File, Format Version 11.00
# Visual Studio 2010
Project("{FAE04EC0-301F-11D3-BF4B-00C04F79EFBC}") = "Psyche", "Assembly-CSharp-Editor-firstpass.csproj", "{94CFDA79-5971-B368-8F2D-442E10FE760F}"
EndProject
Project("{FAE04EC0-301F-11D3-BF4B-00C04F79EFBC}") = "Psyche", "Assembly-CSharp-firstpass.csproj", "{B2D7F1BF-F6EA-EB05-95F2-6BB9B3C93E5B}"
EndProject
Project("{FAE04EC0-301F-11D3-BF4B-00C04F79EFBC}") = "Psyche", "Assembly-CSharp.csproj", "{4CB39E7F-7E11-4854-C115-D27300103E00}"
EndProject
Global
	GlobalSection(SolutionConfigurationPlatforms) = preSolution
		Debug|Any CPU = Debug|Any CPU
		Release|Any CPU = Release|Any CPU
	EndGlobalSection
	GlobalSection(ProjectConfigurationPlatforms) = postSolution
		{94CFDA79-5971-B368-8F2D-442E10FE760F}.Debug|Any CPU.ActiveCfg = Debug|Any CPU
		{94CFDA79-5971-B368-8F2D-442E10FE760F}.Debug|Any CPU.Build.0 = Debug|Any CPU
		{94CFDA79-5971-B368-8F2D-442E10FE760F}.Release|Any CPU.ActiveCfg = Release|Any CPU
		{94CFDA79-5971-B368-8F2D-442E10FE760F}.Release|Any CPU.Build.0 = Release|Any CPU
		{B2D7F1BF-F6EA-EB05-95F2-6BB9B3C93E5B}.Debug|Any CPU.ActiveCfg = Debug|Any CPU
		{B2D7F1BF-F6EA-EB05-95F2-6BB9B3C93E5B}.Debug|Any CPU.Build.0 = Debug|Any CPU
		{B2D7F1BF-F6EA-EB05-95F2-6BB9B3C93E5B}.Release|Any CPU.ActiveCfg = Release|Any CPU
		{B2D7F1BF-F6EA-EB05-95F2-6BB9B3C93E5B}.Release|Any CPU.Build.0 = Release|Any CPU
		{4CB39E7F-7E11-4854-C115-D27300103E00}.Debug|Any CPU.ActiveCfg = Debug|Any CPU
		{4CB39E7F-7E11-4854-C115-D27300103E00}.Debug|Any CPU.Build.0 = Debug|Any CPU
		{4CB39E7F-7E11-4854-C115-D27300103E00}.Release|Any CPU.ActiveCfg = Release|Any CPU
		{4CB39E7F-7E11-4854-C115-D27300103E00}.Release|Any CPU.Build.0 = Release|Any CPU
	EndGlobalSection
	GlobalSection(SolutionProperties) = preSolution
		HideSolutionNode = FALSE
	EndGlobalSection
	GlobalSection(MonoDevelopProperties) = preSolution
		StartupItem = Assembly-CSharp.csproj
	EndGlobalSection
EndGlobal
